
Microsoft Visual Studio Solution File, Format Version 12.00
# Visual Studio Version 16
VisualStudioVersion = 16.0.30503.244
MinimumVisualStudioVersion = 10.0.40219.1
Project("{151D2E53-A2C4-4D7D-83FE-D05416EBD58E}") = "RazorAzureResourceDeploy", "RazorAzureResourceDeploy.deployproj", "{AA6E4BBE-7057-4A8D-A1E4-A7C2855922AA}"
EndProject
Project("{FAE04EC0-301F-11D3-BF4B-00C04F79EFBC}") = "RazorAzureResource", "..\RazorAzureResource\RazorAzureResource.csproj", "{D3E385D1-1548-4BB9-881F-E987E0D91F01}"
EndProject
Global
	GlobalSection(SolutionConfigurationPlatforms) = preSolution
		Debug|Any CPU = Debug|Any CPU
		Release|Any CPU = Release|Any CPU
	EndGlobalSection
	GlobalSection(ProjectConfigurationPlatforms) = postSolution
		{AA6E4BBE-7057-4A8D-A1E4-A7C2855922AA}.Debug|Any CPU.ActiveCfg = Debug|Any CPU
		{AA6E4BBE-7057-4A8D-A1E4-A7C2855922AA}.Debug|Any CPU.Build.0 = Debug|Any CPU
		{AA6E4BBE-7057-4A8D-A1E4-A7C2855922AA}.Release|Any CPU.ActiveCfg = Release|Any CPU
		{AA6E4BBE-7057-4A8D-A1E4-A7C2855922AA}.Release|Any CPU.Build.0 = Release|Any CPU
		{D3E385D1-1548-4BB9-881F-E987E0D91F01}.Debug|Any CPU.ActiveCfg = Debug|Any CPU
		{D3E385D1-1548-4BB9-881F-E987E0D91F01}.Debug|Any CPU.Build.0 = Debug|Any CPU
		{D3E385D1-1548-4BB9-881F-E987E0D91F01}.Release|Any CPU.ActiveCfg = Release|Any CPU
		{D3E385D1-1548-4BB9-881F-E987E0D91F01}.Release|Any CPU.Build.0 = Release|Any CPU
	EndGlobalSection
	GlobalSection(SolutionProperties) = preSolution
		HideSolutionNode = FALSE
	EndGlobalSection
	GlobalSection(ExtensibilityGlobals) = postSolution
		SolutionGuid = {4BC4C3E2-4510-4E89-A824-421FBEB68D4A}
	EndGlobalSection
EndGlobal
